
Microsoft Visual Studio Solution File, Format Version 12.00
# Visual Studio Version 17
VisualStudioVersion = 17.0.31903.59
MinimumVisualStudioVersion = 10.0.40219.1
Project("{2150E333-8FDC-42A3-9474-1A3956D46DE8}") = "src", "src", "{827E0CD3-B72D-47B6-A68D-7590B98EB39B}"
EndProject
Project("{FAE04EC0-301F-11D3-BF4B-00C04F79EFBC}") = "Project.API", "src\Project.API\Project.API.csproj", "{13E03E9B-1298-401A-9DF9-258B4705AFD6}"
EndProject
Project("{FAE04EC0-301F-11D3-BF4B-00C04F79EFBC}") = "Project.CORE", "src\Project.CORE\Project.CORE.csproj", "{E403610E-635F-4DD2-A108-5F1F20FB2281}"
EndProject
Project("{FAE04EC0-301F-11D3-BF4B-00C04F79EFBC}") = "Project.APPLICATION", "src\Project.APPLICATION\Project.APPLICATION.csproj", "{425A1501-0E9C-4306-90BC-70BE4181FE66}"
EndProject
Project("{FAE04EC0-301F-11D3-BF4B-00C04F79EFBC}") = "Project.INFRASTRUCTURE", "src\Project.INFRASTRUCTURE\Project.INFRASTRUCTURE.csproj", "{1E8F9994-57FB-42C4-A19D-0A8D524103CF}"
EndProject
Global
	GlobalSection(SolutionConfigurationPlatforms) = preSolution
		Debug|Any CPU = Debug|Any CPU
		Debug|x64 = Debug|x64
		Debug|x86 = Debug|x86
		Release|Any CPU = Release|Any CPU
		Release|x64 = Release|x64
		Release|x86 = Release|x86
	EndGlobalSection
	GlobalSection(ProjectConfigurationPlatforms) = postSolution
		{13E03E9B-1298-401A-9DF9-258B4705AFD6}.Debug|Any CPU.ActiveCfg = Debug|Any CPU
		{13E03E9B-1298-401A-9DF9-258B4705AFD6}.Debug|Any CPU.Build.0 = Debug|Any CPU
		{13E03E9B-1298-401A-9DF9-258B4705AFD6}.Debug|x64.ActiveCfg = Debug|Any CPU
		{13E03E9B-1298-401A-9DF9-258B4705AFD6}.Debug|x64.Build.0 = Debug|Any CPU
		{13E03E9B-1298-401A-9DF9-258B4705AFD6}.Debug|x86.ActiveCfg = Debug|Any CPU
		{13E03E9B-1298-401A-9DF9-258B4705AFD6}.Debug|x86.Build.0 = Debug|Any CPU
		{13E03E9B-1298-401A-9DF9-258B4705AFD6}.Release|Any CPU.ActiveCfg = Release|Any CPU
		{13E03E9B-1298-401A-9DF9-258B4705AFD6}.Release|Any CPU.Build.0 = Release|Any CPU
		{13E03E9B-1298-401A-9DF9-258B4705AFD6}.Release|x64.ActiveCfg = Release|Any CPU
		{13E03E9B-1298-401A-9DF9-258B4705AFD6}.Release|x64.Build.0 = Release|Any CPU
		{13E03E9B-1298-401A-9DF9-258B4705AFD6}.Release|x86.ActiveCfg = Release|Any CPU
		{13E03E9B-1298-401A-9DF9-258B4705AFD6}.Release|x86.Build.0 = Release|Any CPU
		{E403610E-635F-4DD2-A108-5F1F20FB2281}.Debug|Any CPU.ActiveCfg = Debug|Any CPU
		{E403610E-635F-4DD2-A108-5F1F20FB2281}.Debug|Any CPU.Build.0 = Debug|Any CPU
		{E403610E-635F-4DD2-A108-5F1F20FB2281}.Debug|x64.ActiveCfg = Debug|Any CPU
		{E403610E-635F-4DD2-A108-5F1F20FB2281}.Debug|x64.Build.0 = Debug|Any CPU
		{E403610E-635F-4DD2-A108-5F1F20FB2281}.Debug|x86.ActiveCfg = Debug|Any CPU
		{E403610E-635F-4DD2-A108-5F1F20FB2281}.Debug|x86.Build.0 = Debug|Any CPU
		{E403610E-635F-4DD2-A108-5F1F20FB2281}.Release|Any CPU.ActiveCfg = Release|Any CPU
		{E403610E-635F-4DD2-A108-5F1F20FB2281}.Release|Any CPU.Build.0 = Release|Any CPU
		{E403610E-635F-4DD2-A108-5F1F20FB2281}.Release|x64.ActiveCfg = Release|Any CPU
		{E403610E-635F-4DD2-A108-5F1F20FB2281}.Release|x64.Build.0 = Release|Any CPU
		{E403610E-635F-4DD2-A108-5F1F20FB2281}.Release|x86.ActiveCfg = Release|Any CPU
		{E403610E-635F-4DD2-A108-5F1F20FB2281}.Release|x86.Build.0 = Release|Any CPU
		{425A1501-0E9C-4306-90BC-70BE4181FE66}.Debug|Any CPU.ActiveCfg = Debug|Any CPU
		{425A1501-0E9C-4306-90BC-70BE4181FE66}.Debug|Any CPU.Build.0 = Debug|Any CPU
		{425A1501-0E9C-4306-90BC-70BE4181FE66}.Debug|x64.ActiveCfg = Debug|Any CPU
		{425A1501-0E9C-4306-90BC-70BE4181FE66}.Debug|x64.Build.0 = Debug|Any CPU
		{425A1501-0E9C-4306-90BC-70BE4181FE66}.Debug|x86.ActiveCfg = Debug|Any CPU
		{425A1501-0E9C-4306-90BC-70BE4181FE66}.Debug|x86.Build.0 = Debug|Any CPU
		{425A1501-0E9C-4306-90BC-70BE4181FE66}.Release|Any CPU.ActiveCfg = Release|Any CPU
		{425A1501-0E9C-4306-90BC-70BE4181FE66}.Release|Any CPU.Build.0 = Release|Any CPU
		{425A1501-0E9C-4306-90BC-70BE4181FE66}.Release|x64.ActiveCfg = Release|Any CPU
		{425A1501-0E9C-4306-90BC-70BE4181FE66}.Release|x64.Build.0 = Release|Any CPU
		{425A1501-0E9C-4306-90BC-70BE4181FE66}.Release|x86.ActiveCfg = Release|Any CPU
		{425A1501-0E9C-4306-90BC-70BE4181FE66}.Release|x86.Build.0 = Release|Any CPU
		{1E8F9994-57FB-42C4-A19D-0A8D524103CF}.Debug|Any CPU.ActiveCfg = Debug|Any CPU
		{1E8F9994-57FB-42C4-A19D-0A8D524103CF}.Debug|Any CPU.Build.0 = Debug|Any CPU
		{1E8F9994-57FB-42C4-A19D-0A8D524103CF}.Debug|x64.ActiveCfg = Debug|Any CPU
		{1E8F9994-57FB-42C4-A19D-0A8D524103CF}.Debug|x64.Build.0 = Debug|Any CPU
		{1E8F9994-57FB-42C4-A19D-0A8D524103CF}.Debug|x86.ActiveCfg = Debug|Any CPU
		{1E8F9994-57FB-42C4-A19D-0A8D524103CF}.Debug|x86.Build.0 = Debug|Any CPU
		{1E8F9994-57FB-42C4-A19D-0A8D524103CF}.Release|Any CPU.ActiveCfg = Release|Any CPU
		{1E8F9994-57FB-42C4-A19D-0A8D524103CF}.Release|Any CPU.Build.0 = Release|Any CPU
		{1E8F9994-57FB-42C4-A19D-0A8D524103CF}.Release|x64.ActiveCfg = Release|Any CPU
		{1E8F9994-57FB-42C4-A19D-0A8D524103CF}.Release|x64.Build.0 = Release|Any CPU
		{1E8F9994-57FB-42C4-A19D-0A8D524103CF}.Release|x86.ActiveCfg = Release|Any CPU
		{1E8F9994-57FB-42C4-A19D-0A8D524103CF}.Release|x86.Build.0 = Release|Any CPU
	EndGlobalSection
	GlobalSection(SolutionProperties) = preSolution
		HideSolutionNode = FALSE
	EndGlobalSection
	GlobalSection(NestedProjects) = preSolution
		{13E03E9B-1298-401A-9DF9-258B4705AFD6} = {827E0CD3-B72D-47B6-A68D-7590B98EB39B}
		{E403610E-635F-4DD2-A108-5F1F20FB2281} = {827E0CD3-B72D-47B6-A68D-7590B98EB39B}
		{425A1501-0E9C-4306-90BC-70BE4181FE66} = {827E0CD3-B72D-47B6-A68D-7590B98EB39B}
		{1E8F9994-57FB-42C4-A19D-0A8D524103CF} = {827E0CD3-B72D-47B6-A68D-7590B98EB39B}
	EndGlobalSection
EndGlobal
